
Microsoft Visual Studio Solution File, Format Version 12.00
# Visual Studio Version 17
VisualStudioVersion = 17.9.34902.65
MinimumVisualStudioVersion = 10.0.40219.1
Project("{9A19103F-16F7-4668-BE54-9A1E7A4F7556}") = "EPR.Calculator.FSS.API", "EPR.Calculator.FSS.API\EPR.Calculator.FSS.API.csproj", "{F78DD7AF-8712-45A2-81E5-3DCE0FF882EA}"
EndProject
Project("{FAE04EC0-301F-11D3-BF4B-00C04F79EFBC}") = "EPR.Calculator.FSS.API.Common", "EPR.Calculator.FSS.API.Common\EPR.Calculator.FSS.API.Common.csproj", "{B5B3184E-5E32-4922-8485-61FAF1168497}"
EndProject
Project("{2150E333-8FDC-42A3-9474-1A3956D46DE8}") = "Tests", "Tests", "{268A1780-1CCF-4615-94C9-775D23AC9732}"
EndProject
Project("{FAE04EC0-301F-11D3-BF4B-00C04F79EFBC}") = "EPR.Calculator.FSS.API.UnitTests", "EPR.Calculator.FSS.API.UnitTests\EPR.Calculator.FSS.API.UnitTests.csproj", "{02734F63-0874-4C15-9213-016B04449C0C}"
EndProject
Project("{FAE04EC0-301F-11D3-BF4B-00C04F79EFBC}") = "EPR.Calculator.FSS.API.Common.UnitTests", "EPR.Calculator.FSS.API.Common.UnitTests\EPR.Calculator.FSS.API.Common.UnitTests.csproj", "{A6F4E07B-D513-4127-8FEC-173ACDAE8F11}"
EndProject
Project("{2150E333-8FDC-42A3-9474-1A3956D46DE8}") = "Solution Items", "Solution Items", "{02EA681E-C7D8-13C7-8484-4AC65E1B71E8}"
	ProjectSection(SolutionItems) = preProject
		.editorconfig = .editorconfig
		NuGet.Config = NuGet.Config
		stylecop.json = stylecop.json
		stylecop.ruleset = stylecop.ruleset
	EndProjectSection
EndProject
Global
	GlobalSection(SolutionConfigurationPlatforms) = preSolution
		Debug|Any CPU = Debug|Any CPU
		Release|Any CPU = Release|Any CPU
	EndGlobalSection
	GlobalSection(ProjectConfigurationPlatforms) = postSolution
		{F78DD7AF-8712-45A2-81E5-3DCE0FF882EA}.Debug|Any CPU.ActiveCfg = Debug|Any CPU
		{F78DD7AF-8712-45A2-81E5-3DCE0FF882EA}.Debug|Any CPU.Build.0 = Debug|Any CPU
		{F78DD7AF-8712-45A2-81E5-3DCE0FF882EA}.Release|Any CPU.ActiveCfg = Release|Any CPU
		{F78DD7AF-8712-45A2-81E5-3DCE0FF882EA}.Release|Any CPU.Build.0 = Release|Any CPU
		{B5B3184E-5E32-4922-8485-61FAF1168497}.Debug|Any CPU.ActiveCfg = Debug|Any CPU
		{B5B3184E-5E32-4922-8485-61FAF1168497}.Debug|Any CPU.Build.0 = Debug|Any CPU
		{B5B3184E-5E32-4922-8485-61FAF1168497}.Release|Any CPU.ActiveCfg = Release|Any CPU
		{B5B3184E-5E32-4922-8485-61FAF1168497}.Release|Any CPU.Build.0 = Release|Any CPU
		{02734F63-0874-4C15-9213-016B04449C0C}.Debug|Any CPU.ActiveCfg = Debug|Any CPU
		{02734F63-0874-4C15-9213-016B04449C0C}.Debug|Any CPU.Build.0 = Debug|Any CPU
		{02734F63-0874-4C15-9213-016B04449C0C}.Release|Any CPU.ActiveCfg = Release|Any CPU
		{02734F63-0874-4C15-9213-016B04449C0C}.Release|Any CPU.Build.0 = Release|Any CPU
		{A6F4E07B-D513-4127-8FEC-173ACDAE8F11}.Debug|Any CPU.ActiveCfg = Debug|Any CPU
		{A6F4E07B-D513-4127-8FEC-173ACDAE8F11}.Debug|Any CPU.Build.0 = Debug|Any CPU
		{A6F4E07B-D513-4127-8FEC-173ACDAE8F11}.Release|Any CPU.ActiveCfg = Release|Any CPU
		{A6F4E07B-D513-4127-8FEC-173ACDAE8F11}.Release|Any CPU.Build.0 = Release|Any CPU
	EndGlobalSection
	GlobalSection(SolutionProperties) = preSolution
		HideSolutionNode = FALSE
	EndGlobalSection
	GlobalSection(NestedProjects) = preSolution
		{02734F63-0874-4C15-9213-016B04449C0C} = {268A1780-1CCF-4615-94C9-775D23AC9732}
		{A6F4E07B-D513-4127-8FEC-173ACDAE8F11} = {268A1780-1CCF-4615-94C9-775D23AC9732}
	EndGlobalSection
	GlobalSection(ExtensibilityGlobals) = postSolution
		SolutionGuid = {C133B8B2-0FCD-49A7-85C6-7F6AAF8C17F1}
	EndGlobalSection
EndGlobal
